
Microsoft Visual Studio Solution File, Format Version 12.00
# Visual Studio Version 17
VisualStudioVersion = 17.0.31919.166
MinimumVisualStudioVersion = 10.0.40219.1
Project("{2150E333-8FDC-42A3-9474-1A3956D46DE8}") = "src", "src", "{BF80FC16-13E2-4543-8770-D93135D751A3}"
EndProject
Project("{9A19103F-16F7-4668-BE54-9A1E7A4F7556}") = "Core", "src\Core\Core.csproj", "{DA3DA19C-8DA2-496A-B939-7509DFB6F998}"
EndProject
Project("{9A19103F-16F7-4668-BE54-9A1E7A4F7556}") = "Application", "src\Application\Application.csproj", "{840208A0-C14A-4B41-BE07-1BE8A7959F5D}"
EndProject
Project("{9A19103F-16F7-4668-BE54-9A1E7A4F7556}") = "Infrastructure", "src\Infrastructure\Infrastructure.csproj", "{507C98F6-1779-44F9-82E5-1317E0721D7B}"
EndProject
Project("{9A19103F-16F7-4668-BE54-9A1E7A4F7556}") = "Domain", "src\Domain\Domain.csproj", "{0682D8D9-1852-42BB-831C-3290502BC9B3}"
EndProject
Project("{9A19103F-16F7-4668-BE54-9A1E7A4F7556}") = "WebAPI", "src\WebAPI\WebAPI.csproj", "{3BF58EA4-4902-47F3-B7E6-BD4ADED1C6ED}"
EndProject
Global
	GlobalSection(SolutionConfigurationPlatforms) = preSolution
		Debug|Any CPU = Debug|Any CPU
		Release|Any CPU = Release|Any CPU
	EndGlobalSection
	GlobalSection(ProjectConfigurationPlatforms) = postSolution
		{DA3DA19C-8DA2-496A-B939-7509DFB6F998}.Debug|Any CPU.ActiveCfg = Debug|Any CPU
		{DA3DA19C-8DA2-496A-B939-7509DFB6F998}.Debug|Any CPU.Build.0 = Debug|Any CPU
		{DA3DA19C-8DA2-496A-B939-7509DFB6F998}.Release|Any CPU.ActiveCfg = Release|Any CPU
		{DA3DA19C-8DA2-496A-B939-7509DFB6F998}.Release|Any CPU.Build.0 = Release|Any CPU
		{840208A0-C14A-4B41-BE07-1BE8A7959F5D}.Debug|Any CPU.ActiveCfg = Debug|Any CPU
		{840208A0-C14A-4B41-BE07-1BE8A7959F5D}.Debug|Any CPU.Build.0 = Debug|Any CPU
		{840208A0-C14A-4B41-BE07-1BE8A7959F5D}.Release|Any CPU.ActiveCfg = Release|Any CPU
		{840208A0-C14A-4B41-BE07-1BE8A7959F5D}.Release|Any CPU.Build.0 = Release|Any CPU
		{507C98F6-1779-44F9-82E5-1317E0721D7B}.Debug|Any CPU.ActiveCfg = Debug|Any CPU
		{507C98F6-1779-44F9-82E5-1317E0721D7B}.Debug|Any CPU.Build.0 = Debug|Any CPU
		{507C98F6-1779-44F9-82E5-1317E0721D7B}.Release|Any CPU.ActiveCfg = Release|Any CPU
		{507C98F6-1779-44F9-82E5-1317E0721D7B}.Release|Any CPU.Build.0 = Release|Any CPU
		{0682D8D9-1852-42BB-831C-3290502BC9B3}.Debug|Any CPU.ActiveCfg = Debug|Any CPU
		{0682D8D9-1852-42BB-831C-3290502BC9B3}.Debug|Any CPU.Build.0 = Debug|Any CPU
		{0682D8D9-1852-42BB-831C-3290502BC9B3}.Release|Any CPU.ActiveCfg = Release|Any CPU
		{0682D8D9-1852-42BB-831C-3290502BC9B3}.Release|Any CPU.Build.0 = Release|Any CPU
		{3BF58EA4-4902-47F3-B7E6-BD4ADED1C6ED}.Debug|Any CPU.ActiveCfg = Debug|Any CPU
		{3BF58EA4-4902-47F3-B7E6-BD4ADED1C6ED}.Debug|Any CPU.Build.0 = Debug|Any CPU
		{3BF58EA4-4902-47F3-B7E6-BD4ADED1C6ED}.Release|Any CPU.ActiveCfg = Release|Any CPU
		{3BF58EA4-4902-47F3-B7E6-BD4ADED1C6ED}.Release|Any CPU.Build.0 = Release|Any CPU
	EndGlobalSection
	GlobalSection(SolutionProperties) = preSolution
		HideSolutionNode = FALSE
	EndGlobalSection
	GlobalSection(NestedProjects) = preSolution
		{DA3DA19C-8DA2-496A-B939-7509DFB6F998} = {BF80FC16-13E2-4543-8770-D93135D751A3}
		{840208A0-C14A-4B41-BE07-1BE8A7959F5D} = {BF80FC16-13E2-4543-8770-D93135D751A3}
		{507C98F6-1779-44F9-82E5-1317E0721D7B} = {BF80FC16-13E2-4543-8770-D93135D751A3}
		{0682D8D9-1852-42BB-831C-3290502BC9B3} = {BF80FC16-13E2-4543-8770-D93135D751A3}
		{3BF58EA4-4902-47F3-B7E6-BD4ADED1C6ED} = {BF80FC16-13E2-4543-8770-D93135D751A3}
	EndGlobalSection
	GlobalSection(ExtensibilityGlobals) = postSolution
		SolutionGuid = {F5B44DE8-70F2-44B5-AD36-D841CBBD7A6D}
	EndGlobalSection
EndGlobal
