
Microsoft Visual Studio Solution File, Format Version 12.00
# Visual Studio Version 17
VisualStudioVersion = 17.0.31919.166
MinimumVisualStudioVersion = 10.0.40219.1
Project("{9A19103F-16F7-4668-BE54-9A1E7A4F7556}") = "Infrastructure", "Infrastructure\Infrastructure.csproj", "{327B93CE-3D23-4D0F-B561-F3BABD7BD7B9}"
EndProject
Project("{9A19103F-16F7-4668-BE54-9A1E7A4F7556}") = "Application", "Application\Application.csproj", "{17A8529D-1341-4523-A501-9EE6C83CFE52}"
EndProject
Project("{9A19103F-16F7-4668-BE54-9A1E7A4F7556}") = "Domain", "Domain\Domain.csproj", "{AAF509B7-D1D3-4EDC-B25E-103A080E6E57}"
EndProject
Project("{9A19103F-16F7-4668-BE54-9A1E7A4F7556}") = "WebAPI", "WebAPI\WebAPI.csproj", "{CBD69C0F-6745-45CA-9350-CB8E84351A21}"
EndProject
Project("{2150E333-8FDC-42A3-9474-1A3956D46DE8}") = "src", "src", "{BF80FC16-13E2-4543-8770-D93135D751A3}"
EndProject
Project("{2150E333-8FDC-42A3-9474-1A3956D46DE8}") = "v1", "v1", "{FD446E2E-2961-4B11-8AD7-9A09FF9624E6}"
EndProject
Project("{FAE04EC0-301F-11D3-BF4B-00C04F79EFBC}") = "Core", "src\Core\Core.csproj", "{DA3DA19C-8DA2-496A-B939-7509DFB6F998}"
EndProject
Project("{FAE04EC0-301F-11D3-BF4B-00C04F79EFBC}") = "Application", "src\Application\Application.csproj", "{840208A0-C14A-4B41-BE07-1BE8A7959F5D}"
EndProject
Project("{FAE04EC0-301F-11D3-BF4B-00C04F79EFBC}") = "Infrastructure", "src\Infrastructure\Infrastructure.csproj", "{507C98F6-1779-44F9-82E5-1317E0721D7B}"
EndProject
Project("{FAE04EC0-301F-11D3-BF4B-00C04F79EFBC}") = "Domain", "src\Domain\Domain.csproj", "{0682D8D9-1852-42BB-831C-3290502BC9B3}"
EndProject
Project("{FAE04EC0-301F-11D3-BF4B-00C04F79EFBC}") = "WebAPI", "src\WebAPI\WebAPI.csproj", "{3BF58EA4-4902-47F3-B7E6-BD4ADED1C6ED}"
EndProject
Global
	GlobalSection(SolutionConfigurationPlatforms) = preSolution
		Debug|Any CPU = Debug|Any CPU
		Release|Any CPU = Release|Any CPU
	EndGlobalSection
	GlobalSection(ProjectConfigurationPlatforms) = postSolution
		{327B93CE-3D23-4D0F-B561-F3BABD7BD7B9}.Debug|Any CPU.ActiveCfg = Debug|Any CPU
		{327B93CE-3D23-4D0F-B561-F3BABD7BD7B9}.Debug|Any CPU.Build.0 = Debug|Any CPU
		{327B93CE-3D23-4D0F-B561-F3BABD7BD7B9}.Release|Any CPU.ActiveCfg = Release|Any CPU
		{327B93CE-3D23-4D0F-B561-F3BABD7BD7B9}.Release|Any CPU.Build.0 = Release|Any CPU
		{17A8529D-1341-4523-A501-9EE6C83CFE52}.Debug|Any CPU.ActiveCfg = Debug|Any CPU
		{17A8529D-1341-4523-A501-9EE6C83CFE52}.Debug|Any CPU.Build.0 = Debug|Any CPU
		{17A8529D-1341-4523-A501-9EE6C83CFE52}.Release|Any CPU.ActiveCfg = Release|Any CPU
		{17A8529D-1341-4523-A501-9EE6C83CFE52}.Release|Any CPU.Build.0 = Release|Any CPU
		{AAF509B7-D1D3-4EDC-B25E-103A080E6E57}.Debug|Any CPU.ActiveCfg = Debug|Any CPU
		{AAF509B7-D1D3-4EDC-B25E-103A080E6E57}.Debug|Any CPU.Build.0 = Debug|Any CPU
		{AAF509B7-D1D3-4EDC-B25E-103A080E6E57}.Release|Any CPU.ActiveCfg = Release|Any CPU
		{AAF509B7-D1D3-4EDC-B25E-103A080E6E57}.Release|Any CPU.Build.0 = Release|Any CPU
		{CBD69C0F-6745-45CA-9350-CB8E84351A21}.Debug|Any CPU.ActiveCfg = Debug|Any CPU
		{CBD69C0F-6745-45CA-9350-CB8E84351A21}.Debug|Any CPU.Build.0 = Debug|Any CPU
		{CBD69C0F-6745-45CA-9350-CB8E84351A21}.Release|Any CPU.ActiveCfg = Release|Any CPU
		{CBD69C0F-6745-45CA-9350-CB8E84351A21}.Release|Any CPU.Build.0 = Release|Any CPU
		{DA3DA19C-8DA2-496A-B939-7509DFB6F998}.Debug|Any CPU.ActiveCfg = Debug|Any CPU
		{DA3DA19C-8DA2-496A-B939-7509DFB6F998}.Debug|Any CPU.Build.0 = Debug|Any CPU
		{DA3DA19C-8DA2-496A-B939-7509DFB6F998}.Release|Any CPU.ActiveCfg = Release|Any CPU
		{DA3DA19C-8DA2-496A-B939-7509DFB6F998}.Release|Any CPU.Build.0 = Release|Any CPU
		{840208A0-C14A-4B41-BE07-1BE8A7959F5D}.Debug|Any CPU.ActiveCfg = Debug|Any CPU
		{840208A0-C14A-4B41-BE07-1BE8A7959F5D}.Debug|Any CPU.Build.0 = Debug|Any CPU
		{840208A0-C14A-4B41-BE07-1BE8A7959F5D}.Release|Any CPU.ActiveCfg = Release|Any CPU
		{840208A0-C14A-4B41-BE07-1BE8A7959F5D}.Release|Any CPU.Build.0 = Release|Any CPU
		{507C98F6-1779-44F9-82E5-1317E0721D7B}.Debug|Any CPU.ActiveCfg = Debug|Any CPU
		{507C98F6-1779-44F9-82E5-1317E0721D7B}.Debug|Any CPU.Build.0 = Debug|Any CPU
		{507C98F6-1779-44F9-82E5-1317E0721D7B}.Release|Any CPU.ActiveCfg = Release|Any CPU
		{507C98F6-1779-44F9-82E5-1317E0721D7B}.Release|Any CPU.Build.0 = Release|Any CPU
		{0682D8D9-1852-42BB-831C-3290502BC9B3}.Debug|Any CPU.ActiveCfg = Debug|Any CPU
		{0682D8D9-1852-42BB-831C-3290502BC9B3}.Debug|Any CPU.Build.0 = Debug|Any CPU
		{0682D8D9-1852-42BB-831C-3290502BC9B3}.Release|Any CPU.ActiveCfg = Release|Any CPU
		{0682D8D9-1852-42BB-831C-3290502BC9B3}.Release|Any CPU.Build.0 = Release|Any CPU
		{3BF58EA4-4902-47F3-B7E6-BD4ADED1C6ED}.Debug|Any CPU.ActiveCfg = Debug|Any CPU
		{3BF58EA4-4902-47F3-B7E6-BD4ADED1C6ED}.Debug|Any CPU.Build.0 = Debug|Any CPU
		{3BF58EA4-4902-47F3-B7E6-BD4ADED1C6ED}.Release|Any CPU.ActiveCfg = Release|Any CPU
		{3BF58EA4-4902-47F3-B7E6-BD4ADED1C6ED}.Release|Any CPU.Build.0 = Release|Any CPU
	EndGlobalSection
	GlobalSection(SolutionProperties) = preSolution
		HideSolutionNode = FALSE
	EndGlobalSection
	GlobalSection(NestedProjects) = preSolution
		{327B93CE-3D23-4D0F-B561-F3BABD7BD7B9} = {FD446E2E-2961-4B11-8AD7-9A09FF9624E6}
		{17A8529D-1341-4523-A501-9EE6C83CFE52} = {FD446E2E-2961-4B11-8AD7-9A09FF9624E6}
		{AAF509B7-D1D3-4EDC-B25E-103A080E6E57} = {FD446E2E-2961-4B11-8AD7-9A09FF9624E6}
		{CBD69C0F-6745-45CA-9350-CB8E84351A21} = {FD446E2E-2961-4B11-8AD7-9A09FF9624E6}
		{DA3DA19C-8DA2-496A-B939-7509DFB6F998} = {BF80FC16-13E2-4543-8770-D93135D751A3}
		{840208A0-C14A-4B41-BE07-1BE8A7959F5D} = {BF80FC16-13E2-4543-8770-D93135D751A3}
		{507C98F6-1779-44F9-82E5-1317E0721D7B} = {BF80FC16-13E2-4543-8770-D93135D751A3}
		{0682D8D9-1852-42BB-831C-3290502BC9B3} = {BF80FC16-13E2-4543-8770-D93135D751A3}
		{3BF58EA4-4902-47F3-B7E6-BD4ADED1C6ED} = {BF80FC16-13E2-4543-8770-D93135D751A3}
	EndGlobalSection
	GlobalSection(ExtensibilityGlobals) = postSolution
		SolutionGuid = {F5B44DE8-70F2-44B5-AD36-D841CBBD7A6D}
	EndGlobalSection
EndGlobal
