
Microsoft Visual Studio Solution File, Format Version 12.00
# Visual Studio Version 17
VisualStudioVersion = 17.0.31919.166
MinimumVisualStudioVersion = 10.0.40219.1
Project("{FAE04EC0-301F-11D3-BF4B-00C04F79EFBC}") = "Infrastructure", "Infrastructure\Infrastructure.csproj", "{327B93CE-3D23-4D0F-B561-F3BABD7BD7B9}"
EndProject
Project("{FAE04EC0-301F-11D3-BF4B-00C04F79EFBC}") = "Application", "Application\Application.csproj", "{17A8529D-1341-4523-A501-9EE6C83CFE52}"
EndProject
Project("{FAE04EC0-301F-11D3-BF4B-00C04F79EFBC}") = "Domain", "Domain\Domain.csproj", "{AAF509B7-D1D3-4EDC-B25E-103A080E6E57}"
EndProject
Global
	GlobalSection(SolutionConfigurationPlatforms) = preSolution
		Debug|Any CPU = Debug|Any CPU
		Release|Any CPU = Release|Any CPU
	EndGlobalSection
	GlobalSection(ProjectConfigurationPlatforms) = postSolution
		{327B93CE-3D23-4D0F-B561-F3BABD7BD7B9}.Debug|Any CPU.ActiveCfg = Debug|Any CPU
		{327B93CE-3D23-4D0F-B561-F3BABD7BD7B9}.Debug|Any CPU.Build.0 = Debug|Any CPU
		{327B93CE-3D23-4D0F-B561-F3BABD7BD7B9}.Release|Any CPU.ActiveCfg = Release|Any CPU
		{327B93CE-3D23-4D0F-B561-F3BABD7BD7B9}.Release|Any CPU.Build.0 = Release|Any CPU
		{17A8529D-1341-4523-A501-9EE6C83CFE52}.Debug|Any CPU.ActiveCfg = Debug|Any CPU
		{17A8529D-1341-4523-A501-9EE6C83CFE52}.Debug|Any CPU.Build.0 = Debug|Any CPU
		{17A8529D-1341-4523-A501-9EE6C83CFE52}.Release|Any CPU.ActiveCfg = Release|Any CPU
		{17A8529D-1341-4523-A501-9EE6C83CFE52}.Release|Any CPU.Build.0 = Release|Any CPU
		{AAF509B7-D1D3-4EDC-B25E-103A080E6E57}.Debug|Any CPU.ActiveCfg = Debug|Any CPU
		{AAF509B7-D1D3-4EDC-B25E-103A080E6E57}.Debug|Any CPU.Build.0 = Debug|Any CPU
		{AAF509B7-D1D3-4EDC-B25E-103A080E6E57}.Release|Any CPU.ActiveCfg = Release|Any CPU
		{AAF509B7-D1D3-4EDC-B25E-103A080E6E57}.Release|Any CPU.Build.0 = Release|Any CPU
	EndGlobalSection
	GlobalSection(SolutionProperties) = preSolution
		HideSolutionNode = FALSE
	EndGlobalSection
	GlobalSection(ExtensibilityGlobals) = postSolution
		SolutionGuid = {F5B44DE8-70F2-44B5-AD36-D841CBBD7A6D}
	EndGlobalSection
EndGlobal
